
Microsoft Visual Studio Solution File, Format Version 12.00
# Visual Studio Version 16
VisualStudioVersion = 16.0.31005.135
MinimumVisualStudioVersion = 10.0.40219.1
Project("{9A19103F-16F7-4668-BE54-9A1E7A4F7556}") = "LiberMusic_Client", "LiberMusic_Client.csproj", "{3746AAF5-12C8-48F2-AB09-BFB7343650C6}"
EndProject
Global
	GlobalSection(SolutionConfigurationPlatforms) = preSolution
		Debug|Any CPU = Debug|Any CPU
		Release|Any CPU = Release|Any CPU
	EndGlobalSection
	GlobalSection(ProjectConfigurationPlatforms) = postSolution
		{3746AAF5-12C8-48F2-AB09-BFB7343650C6}.Debug|Any CPU.ActiveCfg = Debug|Any CPU
		{3746AAF5-12C8-48F2-AB09-BFB7343650C6}.Debug|Any CPU.Build.0 = Debug|Any CPU
		{3746AAF5-12C8-48F2-AB09-BFB7343650C6}.Release|Any CPU.ActiveCfg = Release|Any CPU
		{3746AAF5-12C8-48F2-AB09-BFB7343650C6}.Release|Any CPU.Build.0 = Release|Any CPU
	EndGlobalSection
	GlobalSection(SolutionProperties) = preSolution
		HideSolutionNode = FALSE
	EndGlobalSection
	GlobalSection(ExtensibilityGlobals) = postSolution
		SolutionGuid = {170CA7F4-8735-4278-9714-BA352BD06315}
	EndGlobalSection
EndGlobal
